// !$*UTF8*$!
{
	archiveVersion = 1;
	classes = {
	};
	objectVersion = 46;
	objects = {

/* Begin PBXBuildFile section */
		952F524F1BEAC1FD002E41EE /* AppDelegate.swift in Sources */ = {isa = PBXBuildFile; fileRef = 952F524E1BEAC1FD002E41EE /* AppDelegate.swift */; };
		952F52511BEAC1FD002E41EE /* ViewController.swift in Sources */ = {isa = PBXBuildFile; fileRef = 952F52501BEAC1FD002E41EE /* ViewController.swift */; };
		952F52541BEAC1FD002E41EE /* Main.storyboard in Resources */ = {isa = PBXBuildFile; fileRef = 952F52521BEAC1FD002E41EE /* Main.storyboard */; };
		952F52561BEAC1FD002E41EE /* Assets.xcassets in Resources */ = {isa = PBXBuildFile; fileRef = 952F52551BEAC1FD002E41EE /* Assets.xcassets */; };
		952F52591BEAC1FD002E41EE /* LaunchScreen.storyboard in Resources */ = {isa = PBXBuildFile; fileRef = 952F52571BEAC1FD002E41EE /* LaunchScreen.storyboard */; };
		952F52641BEAC1FD002E41EE /* Cat_YearsTests.swift in Sources */ = {isa = PBXBuildFile; fileRef = 952F52631BEAC1FD002E41EE /* Cat_YearsTests.swift */; };
		952F526F1BEAC1FD002E41EE /* Cat_YearsUITests.swift in Sources */ = {isa = PBXBuildFile; fileRef = 952F526E1BEAC1FD002E41EE /* Cat_YearsUITests.swift */; };
/* End PBXBuildFile section */

/* Begin PBXContainerItemProxy section */
		952F52601BEAC1FD002E41EE /* PBXContainerItemProxy */ = {
			isa = PBXContainerItemProxy;
			containerPortal = 952F52431BEAC1FD002E41EE /* Project object */;
			proxyType = 1;
			remoteGlobalIDString = 952F524A1BEAC1FD002E41EE;
			remoteInfo = "Cat Years";
		};
		952F526B1BEAC1FD002E41EE /* PBXContainerItemProxy */ = {
			isa = PBXContainerItemProxy;
			containerPortal = 952F52431BEAC1FD002E41EE /* Project object */;
			proxyType = 1;
			remoteGlobalIDString = 952F524A1BEAC1FD002E41EE;
			remoteInfo = "Cat Years";
		};
/* End PBXContainerItemProxy section */

/* Begin PBXFileReference section */
		952F524B1BEAC1FD002E41EE /* Cat Years.app */ = {isa = PBXFileReference; explicitFileType = wrapper.application; includeInIndex = 0; path = "Cat Years.app"; sourceTree = BUILT_PRODUCTS_DIR; };
		952F524E1BEAC1FD002E41EE /* AppDelegate.swift */ = {isa = PBXFileReference; lastKnownFileType = sourcecode.swift; path = AppDelegate.swift; sourceTree = "<group>"; };
		952F52501BEAC1FD002E41EE /* ViewController.swift */ = {isa = PBXFileReference; lastKnownFileType = sourcecode.swift; path = ViewController.swift; sourceTree = "<group>"; };
		952F52531BEAC1FD002E41EE /* Base */ = {isa = PBXFileReference; lastKnownFileType = file.storyboard; name = Base; path = Base.lproj/Main.storyboard; sourceTree = "<group>"; };
		952F52551BEAC1FD002E41EE /* Assets.xcassets */ = {isa = PBXFileReference; lastKnownFileType = folder.assetcatalog; path = Assets.xcassets; sourceTree = "<group>"; };
		952F52581BEAC1FD002E41EE /* Base */ = {isa = PBXFileReference; lastKnownFileType = file.storyboard; name = Base; path = Base.lproj/LaunchScreen.storyboard; sourceTree = "<group>"; };
		952F525A1BEAC1FD002E41EE /* Info.plist */ = {isa = PBXFileReference; lastKnownFileType = text.plist.xml; path = Info.plist; sourceTree = "<group>"; };
		952F525F1BEAC1FD002E41EE /* Cat YearsTests.xctest */ = {isa = PBXFileReference; explicitFileType = wrapper.cfbundle; includeInIndex = 0; path = "Cat YearsTests.xctest"; sourceTree = BUILT_PRODUCTS_DIR; };
		952F52631BEAC1FD002E41EE /* Cat_YearsTests.swift */ = {isa = PBXFileReference; lastKnownFileType = sourcecode.swift; path = Cat_YearsTests.swift; sourceTree = "<group>"; };
		952F52651BEAC1FD002E41EE /* Info.plist */ = {isa = PBXFileReference; lastKnownFileType = text.plist.xml; path = Info.plist; sourceTree = "<group>"; };
		952F526A1BEAC1FD002E41EE /* Cat YearsUITests.xctest */ = {isa = PBXFileReference; explicitFileType = wrapper.cfbundle; includeInIndex = 0; path = "Cat YearsUITests.xctest"; sourceTree = BUILT_PRODUCTS_DIR; };
		952F526E1BEAC1FD002E41EE /* Cat_YearsUITests.swift */ = {isa = PBXFileReference; lastKnownFileType = sourcecode.swift; path = Cat_YearsUITests.swift; sourceTree = "<group>"; };
		952F52701BEAC1FD002E41EE /* Info.plist */ = {isa = PBXFileReference; lastKnownFileType = text.plist.xml; path = Info.plist; sourceTree = "<group>"; };
/* End PBXFileReference section */

/* Begin PBXFrameworksBuildPhase section */
		952F52481BEAC1FD002E41EE /* Frameworks */ = {
			isa = PBXFrameworksBuildPhase;
			buildActionMask = 2147483647;
			files = (
			);
			runOnlyForDeploymentPostprocessing = 0;
		};
		952F525C1BEAC1FD002E41EE /* Frameworks */ = {
			isa = PBXFrameworksBuildPhase;
			buildActionMask = 2147483647;
			files = (
			);
			runOnlyForDeploymentPostprocessing = 0;
		};
		952F52671BEAC1FD002E41EE /* Frameworks */ = {
			isa = PBXFrameworksBuildPhase;
			buildActionMask = 2147483647;
			files = (
			);
			runOnlyForDeploymentPostprocessing = 0;
		};
/* End PBXFrameworksBuildPhase section */

/* Begin PBXGroup section */
		952F52421BEAC1FD002E41EE = {
			isa = PBXGroup;
			children = (
				952F524D1BEAC1FD002E41EE /* Cat Years */,
				952F52621BEAC1FD002E41EE /* Cat YearsTests */,
				952F526D1BEAC1FD002E41EE /* Cat YearsUITests */,
				952F524C1BEAC1FD002E41EE /* Products */,
			);
			sourceTree = "<group>";
		};
		952F524C1BEAC1FD002E41EE /* Products */ = {
			isa = PBXGroup;
			children = (
				952F524B1BEAC1FD002E41EE /* Cat Years.app */,
				952F525F1BEAC1FD002E41EE /* Cat YearsTests.xctest */,
				952F526A1BEAC1FD002E41EE /* Cat YearsUITests.xctest */,
			);
			name = Products;
			sourceTree = "<group>";
		};
		952F524D1BEAC1FD002E41EE /* Cat Years */ = {
			isa = PBXGroup;
			children = (
				952F524E1BEAC1FD002E41EE /* AppDelegate.swift */,
				952F52501BEAC1FD002E41EE /* ViewController.swift */,
				952F52521BEAC1FD002E41EE /* Main.storyboard */,
				952F52551BEAC1FD002E41EE /* Assets.xcassets */,
				952F52571BEAC1FD002E41EE /* LaunchScreen.storyboard */,
				952F525A1BEAC1FD002E41EE /* Info.plist */,
			);
			path = "Cat Years";
			sourceTree = "<group>";
		};
		952F52621BEAC1FD002E41EE /* Cat YearsTests */ = {
			isa = PBXGroup;
			children = (
				952F52631BEAC1FD002E41EE /* Cat_YearsTests.swift */,
				952F52651BEAC1FD002E41EE /* Info.plist */,
			);
			path = "Cat YearsTests";
			sourceTree = "<group>";
		};
		952F526D1BEAC1FD002E41EE /* Cat YearsUITests */ = {
			isa = PBXGroup;
			children = (
				952F526E1BEAC1FD002E41EE /* Cat_YearsUITests.swift */,
				952F52701BEAC1FD002E41EE /* Info.plist */,
			);
			path = "Cat YearsUITests";
			sourceTree = "<group>";
		};
/* End PBXGroup section */

/* Begin PBXNativeTarget section */
		952F524A1BEAC1FD002E41EE /* Cat Years */ = {
			isa = PBXNativeTarget;
			buildConfigurationList = 952F52731BEAC1FD002E41EE /* Build configuration list for PBXNativeTarget "Cat Years" */;
			buildPhases = (
				952F52471BEAC1FD002E41EE /* Sources */,
				952F52481BEAC1FD002E41EE /* Frameworks */,
				952F52491BEAC1FD002E41EE /* Resources */,
			);
			buildRules = (
			);
			dependencies = (
			);
			name = "Cat Years";
			productName = "Cat Years";
			productReference = 952F524B1BEAC1FD002E41EE /* Cat Years.app */;
			productType = "com.apple.product-type.application";
		};
		952F525E1BEAC1FD002E41EE /* Cat YearsTests */ = {
			isa = PBXNativeTarget;
			buildConfigurationList = 952F52761BEAC1FD002E41EE /* Build configuration list for PBXNativeTarget "Cat YearsTests" */;
			buildPhases = (
				952F525B1BEAC1FD002E41EE /* Sources */,
				952F525C1BEAC1FD002E41EE /* Frameworks */,
				952F525D1BEAC1FD002E41EE /* Resources */,
			);
			buildRules = (
			);
			dependencies = (
				952F52611BEAC1FD002E41EE /* PBXTargetDependency */,
			);
			name = "Cat YearsTests";
			productName = "Cat YearsTests";
			productReference = 952F525F1BEAC1FD002E41EE /* Cat YearsTests.xctest */;
			productType = "com.apple.product-type.bundle.unit-test";
		};
		952F52691BEAC1FD002E41EE /* Cat YearsUITests */ = {
			isa = PBXNativeTarget;
			buildConfigurationList = 952F52791BEAC1FD002E41EE /* Build configuration list for PBXNativeTarget "Cat YearsUITests" */;
			buildPhases = (
				952F52661BEAC1FD002E41EE /* Sources */,
				952F52671BEAC1FD002E41EE /* Frameworks */,
				952F52681BEAC1FD002E41EE /* Resources */,
			);
			buildRules = (
			);
			dependencies = (
				952F526C1BEAC1FD002E41EE /* PBXTargetDependency */,
			);
			name = "Cat YearsUITests";
			productName = "Cat YearsUITests";
			productReference = 952F526A1BEAC1FD002E41EE /* Cat YearsUITests.xctest */;
			productType = "com.apple.product-type.bundle.ui-testing";
		};
/* End PBXNativeTarget section */

/* Begin PBXProject section */
		952F52431BEAC1FD002E41EE /* Project object */ = {
			isa = PBXProject;
			attributes = {
				LastSwiftUpdateCheck = 0710;
				LastUpgradeCheck = 0710;
				ORGANIZATIONNAME = "James Kelleher";
				TargetAttributes = {
					952F524A1BEAC1FD002E41EE = {
						CreatedOnToolsVersion = 7.1;
					};
					952F525E1BEAC1FD002E41EE = {
						CreatedOnToolsVersion = 7.1;
						TestTargetID = 952F524A1BEAC1FD002E41EE;
					};
					952F52691BEAC1FD002E41EE = {
						CreatedOnToolsVersion = 7.1;
						TestTargetID = 952F524A1BEAC1FD002E41EE;
					};
				};
			};
			buildConfigurationList = 952F52461BEAC1FD002E41EE /* Build configuration list for PBXProject "Cat Years" */;
			compatibilityVersion = "Xcode 3.2";
			developmentRegion = English;
			hasScannedForEncodings = 0;
			knownRegions = (
				en,
				Base,
			);
			mainGroup = 952F52421BEAC1FD002E41EE;
			productRefGroup = 952F524C1BEAC1FD002E41EE /* Products */;
			projectDirPath = "";
			projectRoot = "";
			targets = (
				952F524A1BEAC1FD002E41EE /* Cat Years */,
				952F525E1BEAC1FD002E41EE /* Cat YearsTests */,
				952F52691BEAC1FD002E41EE /* Cat YearsUITests */,
			);
		};
/* End PBXProject section */

/* Begin PBXResourcesBuildPhase section */
		952F52491BEAC1FD002E41EE /* Resources */ = {
			isa = PBXResourcesBuildPhase;
			buildActionMask = 2147483647;
			files = (
				952F52591BEAC1FD002E41EE /* LaunchScreen.storyboard in Resources */,
				952F52561BEAC1FD002E41EE /* Assets.xcassets in Resources */,
				952F52541BEAC1FD002E41EE /* Main.storyboard in Resources */,
			);
			runOnlyForDeploymentPostprocessing = 0;
		};
		952F525D1BEAC1FD002E41EE /* Resources */ = {
			isa = PBXResourcesBuildPhase;
			buildActionMask = 2147483647;
			files = (
			);
			runOnlyForDeploymentPostprocessing = 0;
		};
		952F52681BEAC1FD002E41EE /* Resources */ = {
			isa = PBXResourcesBuildPhase;
			buildActionMask = 2147483647;
			files = (
			);
			runOnlyForDeploymentPostprocessing = 0;
		};
/* End PBXResourcesBuildPhase section */

/* Begin PBXSourcesBuildPhase section */
		952F52471BEAC1FD002E41EE /* Sources */ = {
			isa = PBXSourcesBuildPhase;
			buildActionMask = 2147483647;
			files = (
				952F52511BEAC1FD002E41EE /* ViewController.swift in Sources */,
				952F524F1BEAC1FD002E41EE /* AppDelegate.swift in Sources */,
			);
			runOnlyForDeploymentPostprocessing = 0;
		};
		952F525B1BEAC1FD002E41EE /* Sources */ = {
			isa = PBXSourcesBuildPhase;
			buildActionMask = 2147483647;
			files = (
				952F52641BEAC1FD002E41EE /* Cat_YearsTests.swift in Sources */,
			);
			runOnlyForDeploymentPostprocessing = 0;
		};
		952F52661BEAC1FD002E41EE /* Sources */ = {
			isa = PBXSourcesBuildPhase;
			buildActionMask = 2147483647;
			files = (
				952F526F1BEAC1FD002E41EE /* Cat_YearsUITests.swift in Sources */,
			);
			runOnlyForDeploymentPostprocessing = 0;
		};
/* End PBXSourcesBuildPhase section */

/* Begin PBXTargetDependency section */
		952F52611BEAC1FD002E41EE /* PBXTargetDependency */ = {
			isa = PBXTargetDependency;
			target = 952F524A1BEAC1FD002E41EE /* Cat Years */;
			targetProxy = 952F52601BEAC1FD002E41EE /* PBXContainerItemProxy */;
		};
		952F526C1BEAC1FD002E41EE /* PBXTargetDependency */ = {
			isa = PBXTargetDependency;
			target = 952F524A1BEAC1FD002E41EE /* Cat Years */;
			targetProxy = 952F526B1BEAC1FD002E41EE /* PBXContainerItemProxy */;
		};
/* End PBXTargetDependency section */

/* Begin PBXVariantGroup section */
		952F52521BEAC1FD002E41EE /* Main.storyboard */ = {
			isa = PBXVariantGroup;
			children = (
				952F52531BEAC1FD002E41EE /* Base */,
			);
			name = Main.storyboard;
			sourceTree = "<group>";
		};
		952F52571BEAC1FD002E41EE /* LaunchScreen.storyboard */ = {
			isa = PBXVariantGroup;
			children = (
				952F52581BEAC1FD002E41EE /* Base */,
			);
			name = LaunchScreen.storyboard;
			sourceTree = "<group>";
		};
/* End PBXVariantGroup section */

/* Begin XCBuildConfiguration section */
		952F52711BEAC1FD002E41EE /* Debug */ = {
			isa = XCBuildConfiguration;
			buildSettings = {
				ALWAYS_SEARCH_USER_PATHS = NO;
				CLANG_CXX_LANGUAGE_STANDARD = "gnu++0x";
				CLANG_CXX_LIBRARY = "libc++";
				CLANG_ENABLE_MODULES = YES;
				CLANG_ENABLE_OBJC_ARC = YES;
				CLANG_WARN_BOOL_CONVERSION = YES;
				CLANG_WARN_CONSTANT_CONVERSION = YES;
				CLANG_WARN_DIRECT_OBJC_ISA_USAGE = YES_ERROR;
				CLANG_WARN_EMPTY_BODY = YES;
				CLANG_WARN_ENUM_CONVERSION = YES;
				CLANG_WARN_INT_CONVERSION = YES;
				CLANG_WARN_OBJC_ROOT_CLASS = YES_ERROR;
				CLANG_WARN_UNREACHABLE_CODE = YES;
				CLANG_WARN__DUPLICATE_METHOD_MATCH = YES;
				"CODE_SIGN_IDENTITY[sdk=iphoneos*]" = "iPhone Developer";
				COPY_PHASE_STRIP = NO;
				DEBUG_INFORMATION_FORMAT = dwarf;
				ENABLE_STRICT_OBJC_MSGSEND = YES;
				ENABLE_TESTABILITY = YES;
				GCC_C_LANGUAGE_STANDARD = gnu99;
				GCC_DYNAMIC_NO_PIC = NO;
				GCC_NO_COMMON_BLOCKS = YES;
				GCC_OPTIMIZATION_LEVEL = 0;
				GCC_PREPROCESSOR_DEFINITIONS = (
					"DEBUG=1",
					"$(inherited)",
				);
				GCC_WARN_64_TO_32_BIT_CONVERSION = YES;
				GCC_WARN_ABOUT_RETURN_TYPE = YES_ERROR;
				GCC_WARN_UNDECLARED_SELECTOR = YES;
				GCC_WARN_UNINITIALIZED_AUTOS = YES_AGGRESSIVE;
				GCC_WARN_UNUSED_FUNCTION = YES;
				GCC_WARN_UNUSED_VARIABLE = YES;
				IPHONEOS_DEPLOYMENT_TARGET = 9.1;
				MTL_ENABLE_DEBUG_INFO = YES;
				ONLY_ACTIVE_ARCH = YES;
				SDKROOT = iphoneos;
				SWIFT_OPTIMIZATION_LEVEL = "-Onone";
				TARGETED_DEVICE_FAMILY = "1,2";
			};
			name = Debug;
		};
		952F52721BEAC1FD002E41EE /* Release */ = {
			isa = XCBuildConfiguration;
			buildSettings = {
				ALWAYS_SEARCH_USER_PATHS = NO;
				CLANG_CXX_LANGUAGE_STANDARD = "gnu++0x";
				CLANG_CXX_LIBRARY = "libc++";
				CLANG_ENABLE_MODULES = YES;
				CLANG_ENABLE_OBJC_ARC = YES;
				CLANG_WARN_BOOL_CONVERSION = YES;
				CLANG_WARN_CONSTANT_CONVERSION = YES;
				CLANG_WARN_DIRECT_OBJC_ISA_USAGE = YES_ERROR;
				CLANG_WARN_EMPTY_BODY = YES;
				CLANG_WARN_ENUM_CONVERSION = YES;
				CLANG_WARN_INT_CONVERSION = YES;
				CLANG_WARN_OBJC_ROOT_CLASS = YES_ERROR;
				CLANG_WARN_UNREACHABLE_CODE = YES;
				CLANG_WARN__DUPLICATE_METHOD_MATCH = YES;
				"CODE_SIGN_IDENTITY[sdk=iphoneos*]" = "iPhone Developer";
				COPY_PHASE_STRIP = NO;
				DEBUG_INFORMATION_FORMAT = "dwarf-with-dsym";
				ENABLE_NS_ASSERTIONS = NO;
				ENABLE_STRICT_OBJC_MSGSEND = YES;
				GCC_C_LANGUAGE_STANDARD = gnu99;
				GCC_NO_COMMON_BLOCKS = YES;
				GCC_WARN_64_TO_32_BIT_CONVERSION = YES;
				GCC_WARN_ABOUT_RETURN_TYPE = YES_ERROR;
				GCC_WARN_UNDECLARED_SELECTOR = YES;
				GCC_WARN_UNINITIALIZED_AUTOS = YES_AGGRESSIVE;
				GCC_WARN_UNUSED_FUNCTION = YES;
				GCC_WARN_UNUSED_VARIABLE = YES;
				IPHONEOS_DEPLOYMENT_TARGET = 9.1;
				MTL_ENABLE_DEBUG_INFO = NO;
				SDKROOT = iphoneos;
				TARGETED_DEVICE_FAMILY = "1,2";
				VALIDATE_PRODUCT = YES;
			};
			name = Release;
		};
		952F52741BEAC1FD002E41EE /* Debug */ = {
			isa = XCBuildConfiguration;
			buildSettings = {
				ASSETCATALOG_COMPILER_APPICON_NAME = AppIcon;
				INFOPLIST_FILE = "Cat Years/Info.plist";
				LD_RUNPATH_SEARCH_PATHS = "$(inherited) @executable_path/Frameworks";
				PRODUCT_BUNDLE_IDENTIFIER = "com.jkelleher.Cat-Years";
				PRODUCT_NAME = "$(TARGET_NAME)";
			};
			name = Debug;
		};
		952F52751BEAC1FD002E41EE /* Release */ = {
			isa = XCBuildConfiguration;
			buildSettings = {
				ASSETCATALOG_COMPILER_APPICON_NAME = AppIcon;
				INFOPLIST_FILE = "Cat Years/Info.plist";
				LD_RUNPATH_SEARCH_PATHS = "$(inherited) @executable_path/Frameworks";
				PRODUCT_BUNDLE_IDENTIFIER = "com.jkelleher.Cat-Years";
				PRODUCT_NAME = "$(TARGET_NAME)";
			};
			name = Release;
		};
		952F52771BEAC1FD002E41EE /* Debug */ = {
			isa = XCBuildConfiguration;
			buildSettings = {
				BUNDLE_LOADER = "$(TEST_HOST)";
				INFOPLIST_FILE = "Cat YearsTests/Info.plist";
				LD_RUNPATH_SEARCH_PATHS = "$(inherited) @executable_path/Frameworks @loader_path/Frameworks";
				PRODUCT_BUNDLE_IDENTIFIER = "com.jkelleher.Cat-YearsTests";
				PRODUCT_NAME = "$(TARGET_NAME)";
				TEST_HOST = "$(BUILT_PRODUCTS_DIR)/Cat Years.app/Cat Years";
			};
			name = Debug;
		};
		952F52781BEAC1FD002E41EE /* Release */ = {
			isa = XCBuildConfiguration;
			buildSettings = {
				BUNDLE_LOADER = "$(TEST_HOST)";
				INFOPLIST_FILE = "Cat YearsTests/Info.plist";
				LD_RUNPATH_SEARCH_PATHS = "$(inherited) @executable_path/Frameworks @loader_path/Frameworks";
				PRODUCT_BUNDLE_IDENTIFIER = "com.jkelleher.Cat-YearsTests";
				PRODUCT_NAME = "$(TARGET_NAME)";
				TEST_HOST = "$(BUILT_PRODUCTS_DIR)/Cat Years.app/Cat Years";
			};
			name = Release;
		};
		952F527A1BEAC1FD002E41EE /* Debug */ = {
			isa = XCBuildConfiguration;
			buildSettings = {
				INFOPLIST_FILE = "Cat YearsUITests/Info.plist";
				LD_RUNPATH_SEARCH_PATHS = "$(inherited) @executable_path/Frameworks @loader_path/Frameworks";
				PRODUCT_BUNDLE_IDENTIFIER = "com.jkelleher.Cat-YearsUITests";
				PRODUCT_NAME = "$(TARGET_NAME)";
				TEST_TARGET_NAME = "Cat Years";
				USES_XCTRUNNER = YES;
			};
			name = Debug;
		};
		952F527B1BEAC1FD002E41EE /* Release */ = {
			isa = XCBuildConfiguration;
			buildSettings = {
				INFOPLIST_FILE = "Cat YearsUITests/Info.plist";
				LD_RUNPATH_SEARCH_PATHS = "$(inherited) @executable_path/Frameworks @loader_path/Frameworks";
				PRODUCT_BUNDLE_IDENTIFIER = "com.jkelleher.Cat-YearsUITests";
				PRODUCT_NAME = "$(TARGET_NAME)";
				TEST_TARGET_NAME = "Cat Years";
				USES_XCTRUNNER = YES;
			};
			name = Release;
		};
/* End XCBuildConfiguration section */

/* Begin XCConfigurationList section */
		952F52461BEAC1FD002E41EE /* Build configuration list for PBXProject "Cat Years" */ = {
			isa = XCConfigurationList;
			buildConfigurations = (
				952F52711BEAC1FD002E41EE /* Debug */,
				952F52721BEAC1FD002E41EE /* Release */,
			);
			defaultConfigurationIsVisible = 0;
			defaultConfigurationName = Release;
		};
		952F52731BEAC1FD002E41EE /* Build configuration list for PBXNativeTarget "Cat Years" */ = {
			isa = XCConfigurationList;
			buildConfigurations = (
				952F52741BEAC1FD002E41EE /* Debug */,
				952F52751BEAC1FD002E41EE /* Release */,
			);
			defaultConfigurationIsVisible = 0;
		};
		952F52761BEAC1FD002E41EE /* Build configuration list for PBXNativeTarget "Cat YearsTests" */ = {
			isa = XCConfigurationList;
			buildConfigurations = (
				952F52771BEAC1FD002E41EE /* Debug */,
				952F52781BEAC1FD002E41EE /* Release */,
			);
			defaultConfigurationIsVisible = 0;
		};
		952F52791BEAC1FD002E41EE /* Build configuration list for PBXNativeTarget "Cat YearsUITests" */ = {
			isa = XCConfigurationList;
			buildConfigurations = (
				952F527A1BEAC1FD002E41EE /* Debug */,
				952F527B1BEAC1FD002E41EE /* Release */,
			);
			defaultConfigurationIsVisible = 0;
		};
/* End XCConfigurationList section */
	};
	rootObject = 952F52431BEAC1FD002E41EE /* Project object */;
}
